
Microsoft Visual Studio Solution File, Format Version 12.00
# Visual Studio Version 17
VisualStudioVersion = 17.5.2.0
MinimumVisualStudioVersion = 10.0.40219.1
Project("{2150E333-8FDC-42A3-9474-1A3956D46DE8}") = "src", "src", "{827E0CD3-B72D-47B6-A68D-7590B98EB39B}"
EndProject
Project("{FAE04EC0-301F-11D3-BF4B-00C04F79EFBC}") = "UnlockWorld", "src\UnlockWorld\UnlockWorld.csproj", "{E5E60385-8F19-E0F7-AC48-CE15E93BF228}"
EndProject
Project("{2150E333-8FDC-42A3-9474-1A3956D46DE8}") = "examples", "examples", "{B36A84DF-456D-A817-6EDD-3EC3E7F6E11F}"
EndProject
Project("{FAE04EC0-301F-11D3-BF4B-00C04F79EFBC}") = "TestApplication", "examples\TestApplication\TestApplication.csproj", "{E9AD8E32-BCDB-440D-AB26-5B7E0EE3202F}"
EndProject
Global
	GlobalSection(SolutionConfigurationPlatforms) = preSolution
		Debug|Any CPU = Debug|Any CPU
		Debug|x64 = Debug|x64
		Debug|x86 = Debug|x86
		Release|Any CPU = Release|Any CPU
		Release|x64 = Release|x64
		Release|x86 = Release|x86
	EndGlobalSection
	GlobalSection(ProjectConfigurationPlatforms) = postSolution
		{E5E60385-8F19-E0F7-AC48-CE15E93BF228}.Debug|Any CPU.ActiveCfg = Debug|Any CPU
		{E5E60385-8F19-E0F7-AC48-CE15E93BF228}.Debug|Any CPU.Build.0 = Debug|Any CPU
		{E5E60385-8F19-E0F7-AC48-CE15E93BF228}.Debug|x64.ActiveCfg = Debug|Any CPU
		{E5E60385-8F19-E0F7-AC48-CE15E93BF228}.Debug|x64.Build.0 = Debug|Any CPU
		{E5E60385-8F19-E0F7-AC48-CE15E93BF228}.Debug|x86.ActiveCfg = Debug|Any CPU
		{E5E60385-8F19-E0F7-AC48-CE15E93BF228}.Debug|x86.Build.0 = Debug|Any CPU
		{E5E60385-8F19-E0F7-AC48-CE15E93BF228}.Release|Any CPU.ActiveCfg = Release|Any CPU
		{E5E60385-8F19-E0F7-AC48-CE15E93BF228}.Release|Any CPU.Build.0 = Release|Any CPU
		{E5E60385-8F19-E0F7-AC48-CE15E93BF228}.Release|x64.ActiveCfg = Release|Any CPU
		{E5E60385-8F19-E0F7-AC48-CE15E93BF228}.Release|x64.Build.0 = Release|Any CPU
		{E5E60385-8F19-E0F7-AC48-CE15E93BF228}.Release|x86.ActiveCfg = Release|Any CPU
		{E5E60385-8F19-E0F7-AC48-CE15E93BF228}.Release|x86.Build.0 = Release|Any CPU
		{E9AD8E32-BCDB-440D-AB26-5B7E0EE3202F}.Debug|Any CPU.ActiveCfg = Debug|Any CPU
		{E9AD8E32-BCDB-440D-AB26-5B7E0EE3202F}.Debug|Any CPU.Build.0 = Debug|Any CPU
		{E9AD8E32-BCDB-440D-AB26-5B7E0EE3202F}.Debug|x64.ActiveCfg = Debug|Any CPU
		{E9AD8E32-BCDB-440D-AB26-5B7E0EE3202F}.Debug|x64.Build.0 = Debug|Any CPU
		{E9AD8E32-BCDB-440D-AB26-5B7E0EE3202F}.Debug|x86.ActiveCfg = Debug|Any CPU
		{E9AD8E32-BCDB-440D-AB26-5B7E0EE3202F}.Debug|x86.Build.0 = Debug|Any CPU
		{E9AD8E32-BCDB-440D-AB26-5B7E0EE3202F}.Release|Any CPU.ActiveCfg = Release|Any CPU
		{E9AD8E32-BCDB-440D-AB26-5B7E0EE3202F}.Release|Any CPU.Build.0 = Release|Any CPU
		{E9AD8E32-BCDB-440D-AB26-5B7E0EE3202F}.Release|x64.ActiveCfg = Release|Any CPU
		{E9AD8E32-BCDB-440D-AB26-5B7E0EE3202F}.Release|x64.Build.0 = Release|Any CPU
		{E9AD8E32-BCDB-440D-AB26-5B7E0EE3202F}.Release|x86.ActiveCfg = Release|Any CPU
		{E9AD8E32-BCDB-440D-AB26-5B7E0EE3202F}.Release|x86.Build.0 = Release|Any CPU
	EndGlobalSection
	GlobalSection(SolutionProperties) = preSolution
		HideSolutionNode = FALSE
	EndGlobalSection
	GlobalSection(NestedProjects) = preSolution
		{E5E60385-8F19-E0F7-AC48-CE15E93BF228} = {827E0CD3-B72D-47B6-A68D-7590B98EB39B}
		{E9AD8E32-BCDB-440D-AB26-5B7E0EE3202F} = {B36A84DF-456D-A817-6EDD-3EC3E7F6E11F}
	EndGlobalSection
	GlobalSection(ExtensibilityGlobals) = postSolution
		SolutionGuid = {5902EE26-9969-4678-B589-00860498B4AD}
	EndGlobalSection
EndGlobal
